// !$*UTF8*$!
{
	archiveVersion = 1;
	classes = {
	};
	objectVersion = 50;
	objects = {

/* Begin PBXBuildFile section */
		9819720D2281787B00EF2439 /* AppDelegate.swift in Sources */ = {isa = PBXBuildFile; fileRef = 9819720C2281787B00EF2439 /* AppDelegate.swift */; };
		9819720F2281787B00EF2439 /* ViewController.swift in Sources */ = {isa = PBXBuildFile; fileRef = 9819720E2281787B00EF2439 /* ViewController.swift */; };
		981972122281787B00EF2439 /* Main.storyboard in Resources */ = {isa = PBXBuildFile; fileRef = 981972102281787B00EF2439 /* Main.storyboard */; };
		981972142281787D00EF2439 /* Assets.xcassets in Resources */ = {isa = PBXBuildFile; fileRef = 981972132281787D00EF2439 /* Assets.xcassets */; };
		981972172281787D00EF2439 /* LaunchScreen.storyboard in Resources */ = {isa = PBXBuildFile; fileRef = 981972152281787D00EF2439 /* LaunchScreen.storyboard */; };
		9819721F228178F600EF2439 /* MoodEntry.swift in Sources */ = {isa = PBXBuildFile; fileRef = 9819721E228178F600EF2439 /* MoodEntry.swift */; };
		9819722122817D7000EF2439 /* MoodEntryTableViewCell.swift in Sources */ = {isa = PBXBuildFile; fileRef = 9819722022817D7000EF2439 /* MoodEntryTableViewCell.swift */; };
		981972262281829800EF2439 /* MoodDetailViewController.swift in Sources */ = {isa = PBXBuildFile; fileRef = 981972252281829800EF2439 /* MoodDetailViewController.swift */; };
/* End PBXBuildFile section */

/* Begin PBXFileReference section */
		981972092281787B00EF2439 /* Mood Tracker.app */ = {isa = PBXFileReference; explicitFileType = wrapper.application; includeInIndex = 0; path = "Mood Tracker.app"; sourceTree = BUILT_PRODUCTS_DIR; };
		9819720C2281787B00EF2439 /* AppDelegate.swift */ = {isa = PBXFileReference; lastKnownFileType = sourcecode.swift; path = AppDelegate.swift; sourceTree = "<group>"; };
		9819720E2281787B00EF2439 /* ViewController.swift */ = {isa = PBXFileReference; lastKnownFileType = sourcecode.swift; path = ViewController.swift; sourceTree = "<group>"; };
		981972112281787B00EF2439 /* Base */ = {isa = PBXFileReference; lastKnownFileType = file.storyboard; name = Base; path = Base.lproj/Main.storyboard; sourceTree = "<group>"; };
		981972132281787D00EF2439 /* Assets.xcassets */ = {isa = PBXFileReference; lastKnownFileType = folder.assetcatalog; path = Assets.xcassets; sourceTree = "<group>"; };
		981972162281787D00EF2439 /* Base */ = {isa = PBXFileReference; lastKnownFileType = file.storyboard; name = Base; path = Base.lproj/LaunchScreen.storyboard; sourceTree = "<group>"; };
		981972182281787D00EF2439 /* Info.plist */ = {isa = PBXFileReference; lastKnownFileType = text.plist.xml; path = Info.plist; sourceTree = "<group>"; };
		9819721E228178F600EF2439 /* MoodEntry.swift */ = {isa = PBXFileReference; lastKnownFileType = sourcecode.swift; path = MoodEntry.swift; sourceTree = "<group>"; };
		9819722022817D7000EF2439 /* MoodEntryTableViewCell.swift */ = {isa = PBXFileReference; lastKnownFileType = sourcecode.swift; path = MoodEntryTableViewCell.swift; sourceTree = "<group>"; };
		981972252281829800EF2439 /* MoodDetailViewController.swift */ = {isa = PBXFileReference; lastKnownFileType = sourcecode.swift; path = MoodDetailViewController.swift; sourceTree = "<group>"; };
/* End PBXFileReference section */

/* Begin PBXFrameworksBuildPhase section */
		981972062281787B00EF2439 /* Frameworks */ = {
			isa = PBXFrameworksBuildPhase;
			buildActionMask = 2147483647;
			files = (
			);
			runOnlyForDeploymentPostprocessing = 0;
		};
/* End PBXFrameworksBuildPhase section */

/* Begin PBXGroup section */
		981972002281787B00EF2439 = {
			isa = PBXGroup;
			children = (
				9819720B2281787B00EF2439 /* Mood Tracker */,
				9819720A2281787B00EF2439 /* Products */,
			);
			sourceTree = "<group>";
		};
		9819720A2281787B00EF2439 /* Products */ = {
			isa = PBXGroup;
			children = (
				981972092281787B00EF2439 /* Mood Tracker.app */,
			);
			name = Products;
			sourceTree = "<group>";
		};
		9819720B2281787B00EF2439 /* Mood Tracker */ = {
			isa = PBXGroup;
			children = (
				9819720C2281787B00EF2439 /* AppDelegate.swift */,
				981972222281827200EF2439 /* Controllers */,
				981972232281827D00EF2439 /* Model */,
				981972242281828200EF2439 /* View */,
				981972132281787D00EF2439 /* Assets.xcassets */,
				981972152281787D00EF2439 /* LaunchScreen.storyboard */,
				981972182281787D00EF2439 /* Info.plist */,
			);
			path = "Mood Tracker";
			sourceTree = "<group>";
		};
		981972222281827200EF2439 /* Controllers */ = {
			isa = PBXGroup;
			children = (
				9819720E2281787B00EF2439 /* ViewController.swift */,
				9819722022817D7000EF2439 /* MoodEntryTableViewCell.swift */,
				981972252281829800EF2439 /* MoodDetailViewController.swift */,
			);
			path = Controllers;
			sourceTree = "<group>";
		};
		981972232281827D00EF2439 /* Model */ = {
			isa = PBXGroup;
			children = (
				9819721E228178F600EF2439 /* MoodEntry.swift */,
			);
			path = Model;
			sourceTree = "<group>";
		};
		981972242281828200EF2439 /* View */ = {
			isa = PBXGroup;
			children = (
				981972102281787B00EF2439 /* Main.storyboard */,
			);
			path = View;
			sourceTree = "<group>";
		};
/* End PBXGroup section */

/* Begin PBXNativeTarget section */
		981972082281787B00EF2439 /* Mood Tracker */ = {
			isa = PBXNativeTarget;
			buildConfigurationList = 9819721B2281787D00EF2439 /* Build configuration list for PBXNativeTarget "Mood Tracker" */;
			buildPhases = (
				981972052281787B00EF2439 /* Sources */,
				981972062281787B00EF2439 /* Frameworks */,
				981972072281787B00EF2439 /* Resources */,
			);
			buildRules = (
			);
			dependencies = (
			);
			name = "Mood Tracker";
			productName = "Mood Tracker";
			productReference = 981972092281787B00EF2439 /* Mood Tracker.app */;
			productType = "com.apple.product-type.application";
		};
/* End PBXNativeTarget section */

/* Begin PBXProject section */
		981972012281787B00EF2439 /* Project object */ = {
			isa = PBXProject;
			attributes = {
				LastSwiftUpdateCheck = 1020;
				LastUpgradeCheck = 1020;
				ORGANIZATIONNAME = "Johan Park";
				TargetAttributes = {
					981972082281787B00EF2439 = {
						CreatedOnToolsVersion = 10.2.1;
					};
				};
			};
			buildConfigurationList = 981972042281787B00EF2439 /* Build configuration list for PBXProject "Mood Tracker" */;
			compatibilityVersion = "Xcode 9.3";
			developmentRegion = en;
			hasScannedForEncodings = 0;
			knownRegions = (
				en,
				Base,
			);
			mainGroup = 981972002281787B00EF2439;
			productRefGroup = 9819720A2281787B00EF2439 /* Products */;
			projectDirPath = "";
			projectRoot = "";
			targets = (
				981972082281787B00EF2439 /* Mood Tracker */,
			);
		};
/* End PBXProject section */

/* Begin PBXResourcesBuildPhase section */
		981972072281787B00EF2439 /* Resources */ = {
			isa = PBXResourcesBuildPhase;
			buildActionMask = 2147483647;
			files = (
				981972172281787D00EF2439 /* LaunchScreen.storyboard in Resources */,
				981972142281787D00EF2439 /* Assets.xcassets in Resources */,
				981972122281787B00EF2439 /* Main.storyboard in Resources */,
			);
			runOnlyForDeploymentPostprocessing = 0;
		};
/* End PBXResourcesBuildPhase section */

/* Begin PBXSourcesBuildPhase section */
		981972052281787B00EF2439 /* Sources */ = {
			isa = PBXSourcesBuildPhase;
			buildActionMask = 2147483647;
			files = (
				9819720F2281787B00EF2439 /* ViewController.swift in Sources */,
				9819720D2281787B00EF2439 /* AppDelegate.swift in Sources */,
				9819721F228178F600EF2439 /* MoodEntry.swift in Sources */,
				9819722122817D7000EF2439 /* MoodEntryTableViewCell.swift in Sources */,
				981972262281829800EF2439 /* MoodDetailViewController.swift in Sources */,
			);
			runOnlyForDeploymentPostprocessing = 0;
		};
/* End PBXSourcesBuildPhase section */

/* Begin PBXVariantGroup section */
		981972102281787B00EF2439 /* Main.storyboard */ = {
			isa = PBXVariantGroup;
			children = (
				981972112281787B00EF2439 /* Base */,
			);
			name = Main.storyboard;
			sourceTree = "<group>";
		};
		981972152281787D00EF2439 /* LaunchScreen.storyboard */ = {
			isa = PBXVariantGroup;
			children = (
				981972162281787D00EF2439 /* Base */,
			);
			name = LaunchScreen.storyboard;
			sourceTree = "<group>";
		};
/* End PBXVariantGroup section */

/* Begin XCBuildConfiguration section */
		981972192281787D00EF2439 /* Debug */ = {
			isa = XCBuildConfiguration;
			buildSettings = {
				ALWAYS_SEARCH_USER_PATHS = NO;
				CLANG_ANALYZER_NONNULL = YES;
				CLANG_ANALYZER_NUMBER_OBJECT_CONVERSION = YES_AGGRESSIVE;
				CLANG_CXX_LANGUAGE_STANDARD = "gnu++14";
				CLANG_CXX_LIBRARY = "libc++";
				CLANG_ENABLE_MODULES = YES;
				CLANG_ENABLE_OBJC_ARC = YES;
				CLANG_ENABLE_OBJC_WEAK = YES;
				CLANG_WARN_BLOCK_CAPTURE_AUTORELEASING = YES;
				CLANG_WARN_BOOL_CONVERSION = YES;
				CLANG_WARN_COMMA = YES;
				CLANG_WARN_CONSTANT_CONVERSION = YES;
				CLANG_WARN_DEPRECATED_OBJC_IMPLEMENTATIONS = YES;
				CLANG_WARN_DIRECT_OBJC_ISA_USAGE = YES_ERROR;
				CLANG_WARN_DOCUMENTATION_COMMENTS = YES;
				CLANG_WARN_EMPTY_BODY = YES;
				CLANG_WARN_ENUM_CONVERSION = YES;
				CLANG_WARN_INFINITE_RECURSION = YES;
				CLANG_WARN_INT_CONVERSION = YES;
				CLANG_WARN_NON_LITERAL_NULL_CONVERSION = YES;
				CLANG_WARN_OBJC_IMPLICIT_RETAIN_SELF = YES;
				CLANG_WARN_OBJC_LITERAL_CONVERSION = YES;
				CLANG_WARN_OBJC_ROOT_CLASS = YES_ERROR;
				CLANG_WARN_RANGE_LOOP_ANALYSIS = YES;
				CLANG_WARN_STRICT_PROTOTYPES = YES;
				CLANG_WARN_SUSPICIOUS_MOVE = YES;
				CLANG_WARN_UNGUARDED_AVAILABILITY = YES_AGGRESSIVE;
				CLANG_WARN_UNREACHABLE_CODE = YES;
				CLANG_WARN__DUPLICATE_METHOD_MATCH = YES;
				CODE_SIGN_IDENTITY = "iPhone Developer";
				COPY_PHASE_STRIP = NO;
				DEBUG_INFORMATION_FORMAT = dwarf;
				ENABLE_STRICT_OBJC_MSGSEND = YES;
				ENABLE_TESTABILITY = YES;
				GCC_C_LANGUAGE_STANDARD = gnu11;
				GCC_DYNAMIC_NO_PIC = NO;
				GCC_NO_COMMON_BLOCKS = YES;
				GCC_OPTIMIZATION_LEVEL = 0;
				GCC_PREPROCESSOR_DEFINITIONS = (
					"DEBUG=1",
					"$(inherited)",
				);
				GCC_WARN_64_TO_32_BIT_CONVERSION = YES;
				GCC_WARN_ABOUT_RETURN_TYPE = YES_ERROR;
				GCC_WARN_UNDECLARED_SELECTOR = YES;
				GCC_WARN_UNINITIALIZED_AUTOS = YES_AGGRESSIVE;
				GCC_WARN_UNUSED_FUNCTION = YES;
				GCC_WARN_UNUSED_VARIABLE = YES;
				IPHONEOS_DEPLOYMENT_TARGET = 12.2;
				MTL_ENABLE_DEBUG_INFO = INCLUDE_SOURCE;
				MTL_FAST_MATH = YES;
				ONLY_ACTIVE_ARCH = YES;
				SDKROOT = iphoneos;
				SWIFT_ACTIVE_COMPILATION_CONDITIONS = DEBUG;
				SWIFT_OPTIMIZATION_LEVEL = "-Onone";
			};
			name = Debug;
		};
		9819721A2281787D00EF2439 /* Release */ = {
			isa = XCBuildConfiguration;
			buildSettings = {
				ALWAYS_SEARCH_USER_PATHS = NO;
				CLANG_ANALYZER_NONNULL = YES;
				CLANG_ANALYZER_NUMBER_OBJECT_CONVERSION = YES_AGGRESSIVE;
				CLANG_CXX_LANGUAGE_STANDARD = "gnu++14";
				CLANG_CXX_LIBRARY = "libc++";
				CLANG_ENABLE_MODULES = YES;
				CLANG_ENABLE_OBJC_ARC = YES;
				CLANG_ENABLE_OBJC_WEAK = YES;
				CLANG_WARN_BLOCK_CAPTURE_AUTORELEASING = YES;
				CLANG_WARN_BOOL_CONVERSION = YES;
				CLANG_WARN_COMMA = YES;
				CLANG_WARN_CONSTANT_CONVERSION = YES;
				CLANG_WARN_DEPRECATED_OBJC_IMPLEMENTATIONS = YES;
				CLANG_WARN_DIRECT_OBJC_ISA_USAGE = YES_ERROR;
				CLANG_WARN_DOCUMENTATION_COMMENTS = YES;
				CLANG_WARN_EMPTY_BODY = YES;
				CLANG_WARN_ENUM_CONVERSION = YES;
				CLANG_WARN_INFINITE_RECURSION = YES;
				CLANG_WARN_INT_CONVERSION = YES;
				CLANG_WARN_NON_LITERAL_NULL_CONVERSION = YES;
				CLANG_WARN_OBJC_IMPLICIT_RETAIN_SELF = YES;
				CLANG_WARN_OBJC_LITERAL_CONVERSION = YES;
				CLANG_WARN_OBJC_ROOT_CLASS = YES_ERROR;
				CLANG_WARN_RANGE_LOOP_ANALYSIS = YES;
				CLANG_WARN_STRICT_PROTOTYPES = YES;
				CLANG_WARN_SUSPICIOUS_MOVE = YES;
				CLANG_WARN_UNGUARDED_AVAILABILITY = YES_AGGRESSIVE;
				CLANG_WARN_UNREACHABLE_CODE = YES;
				CLANG_WARN__DUPLICATE_METHOD_MATCH = YES;
				CODE_SIGN_IDENTITY = "iPhone Developer";
				COPY_PHASE_STRIP = NO;
				DEBUG_INFORMATION_FORMAT = "dwarf-with-dsym";
				ENABLE_NS_ASSERTIONS = NO;
				ENABLE_STRICT_OBJC_MSGSEND = YES;
				GCC_C_LANGUAGE_STANDARD = gnu11;
				GCC_NO_COMMON_BLOCKS = YES;
				GCC_WARN_64_TO_32_BIT_CONVERSION = YES;
				GCC_WARN_ABOUT_RETURN_TYPE = YES_ERROR;
				GCC_WARN_UNDECLARED_SELECTOR = YES;
				GCC_WARN_UNINITIALIZED_AUTOS = YES_AGGRESSIVE;
				GCC_WARN_UNUSED_FUNCTION = YES;
				GCC_WARN_UNUSED_VARIABLE = YES;
				IPHONEOS_DEPLOYMENT_TARGET = 12.2;
				MTL_ENABLE_DEBUG_INFO = NO;
				MTL_FAST_MATH = YES;
				SDKROOT = iphoneos;
				SWIFT_COMPILATION_MODE = wholemodule;
				SWIFT_OPTIMIZATION_LEVEL = "-O";
				VALIDATE_PRODUCT = YES;
			};
			name = Release;
		};
		9819721C2281787D00EF2439 /* Debug */ = {
			isa = XCBuildConfiguration;
			buildSettings = {
				ASSETCATALOG_COMPILER_APPICON_NAME = AppIcon;
				CODE_SIGN_STYLE = Automatic;
				DEVELOPMENT_TEAM = "";
				INFOPLIST_FILE = "Mood Tracker/Info.plist";
				LD_RUNPATH_SEARCH_PATHS = (
					"$(inherited)",
					"@executable_path/Frameworks",
				);
				PRODUCT_BUNDLE_IDENTIFIER = "parkjohan.johanpark.Mood-Tracker";
				PRODUCT_NAME = "$(TARGET_NAME)";
				SWIFT_VERSION = 5.0;
				TARGETED_DEVICE_FAMILY = "1,2";
			};
			name = Debug;
		};
		9819721D2281787D00EF2439 /* Release */ = {
			isa = XCBuildConfiguration;
			buildSettings = {
				ASSETCATALOG_COMPILER_APPICON_NAME = AppIcon;
				CODE_SIGN_STYLE = Automatic;
				DEVELOPMENT_TEAM = "";
				INFOPLIST_FILE = "Mood Tracker/Info.plist";
				LD_RUNPATH_SEARCH_PATHS = (
					"$(inherited)",
					"@executable_path/Frameworks",
				);
				PRODUCT_BUNDLE_IDENTIFIER = "parkjohan.johanpark.Mood-Tracker";
				PRODUCT_NAME = "$(TARGET_NAME)";
				SWIFT_VERSION = 5.0;
				TARGETED_DEVICE_FAMILY = "1,2";
			};
			name = Release;
		};
/* End XCBuildConfiguration section */

/* Begin XCConfigurationList section */
		981972042281787B00EF2439 /* Build configuration list for PBXProject "Mood Tracker" */ = {
			isa = XCConfigurationList;
			buildConfigurations = (
				981972192281787D00EF2439 /* Debug */,
				9819721A2281787D00EF2439 /* Release */,
			);
			defaultConfigurationIsVisible = 0;
			defaultConfigurationName = Release;
		};
		9819721B2281787D00EF2439 /* Build configuration list for PBXNativeTarget "Mood Tracker" */ = {
			isa = XCConfigurationList;
			buildConfigurations = (
				9819721C2281787D00EF2439 /* Debug */,
				9819721D2281787D00EF2439 /* Release */,
			);
			defaultConfigurationIsVisible = 0;
			defaultConfigurationName = Release;
		};
/* End XCConfigurationList section */
	};
	rootObject = 981972012281787B00EF2439 /* Project object */;
}
